<?xml version="1.0" encoding="UTF-8" standalone="yes" ?>
<CodeBlocks_project_file>
	<FileVersion major="1" minor="6" />
	<Project>
		<Option title="MCEdit" />
		<Option pch_mode="2" />
		<Option compiler="gcc" />
		<Build>
			<Target title="Debug">
				<Option output="MCEdit" prefix_auto="1" extension_auto="1" />
				<Option object_output="obj\Debug\" />
				<Option type="1" />
				<Option compiler="gcc" />
				<Option use_console_runner="0" />
				<Compiler>
					<Add option="-g" />
					<Add option="-DDEBUG" />
				</Compiler>
			</Target>
			<Target title="Release">
				<Option output="MCEdit" prefix_auto="1" extension_auto="1" />
				<Option object_output="obj\Release\" />
				<Option type="0" />
				<Option compiler="gcc" />
				<Compiler>
					<Add option="-Ofast" />
				</Compiler>
				<Linker>
					<Add option="-s" />
				</Linker>
			</Target>
		</Build>
		<Compiler>
			<Add option="-Wall" />
			<Add option="-Wdouble-promotion -Wshadow" />
			<Add directory="..\external\includes" />
			<Add directory="include" />
		</Compiler>
		<Linker>
			<Add option="-static-libgcc" />
			<Add library="gdi32" />
			<Add library=".\SDL.dll" />
			<Add library=".\zlib1.dll" />
			<Add library=".\SITGL.dll" />
			<Add library="user32" />
		</Linker>
		<Unit filename="MCEdit.h" />
		<Unit filename="MCEdit.rc">
			<Option compilerVar="WINDRES" />
		</Unit>
		<Unit filename="NBT2.c">
			<Option compilerVar="CC" />
		</Unit>
		<Unit filename="blockUpdate.c">
			<Option compilerVar="CC" />
		</Unit>
		<Unit filename="blocks.c">
			<Option compilerVar="CC" />
		</Unit>
		<Unit filename="blocks.h" />
		<Unit filename="cartograph.c">
			<Option compilerVar="CC" />
		</Unit>
		<Unit filename="chunkMesh.c">
			<Option compilerVar="CC" />
		</Unit>
		<Unit filename="chunks.c">
			<Option compilerVar="CC" />
		</Unit>
		<Unit filename="debugInfo.c">
			<Option compilerVar="CC" />
		</Unit>
		<Unit filename="entities.c">
			<Option compilerVar="CC" />
		</Unit>
		<Unit filename="globals.h" />
		<Unit filename="halfBlocks.c">
			<Option compilerVar="CC" />
		</Unit>
		<Unit filename="interface.c">
			<Option compilerVar="CC" />
		</Unit>
		<Unit filename="inventories.c">
			<Option compilerVar="CC" />
		</Unit>
		<Unit filename="items.c">
			<Option compilerVar="CC" />
		</Unit>
		<Unit filename="keybindings.h" />
		<Unit filename="library.c">
			<Option compilerVar="CC" />
		</Unit>
		<Unit filename="main.c">
			<Option compilerVar="CC" />
		</Unit>
		<Unit filename="mapUpdate.c">
			<Option compilerVar="CC" />
		</Unit>
		<Unit filename="maps.c">
			<Option compilerVar="CC" />
		</Unit>
		<Unit filename="meshBanks.c">
			<Option compilerVar="CC" />
		</Unit>
		<Unit filename="minecarts.c">
			<Option compilerVar="CC" />
		</Unit>
		<Unit filename="mobEntity.c">
			<Option compilerVar="CC" />
		</Unit>
		<Unit filename="models.c">
			<Option compilerVar="CC" />
		</Unit>
		<Unit filename="particles.c">
			<Option compilerVar="CC" />
		</Unit>
		<Unit filename="physics.c">
			<Option compilerVar="CC" />
		</Unit>
		<Unit filename="pixelart.c">
			<Option compilerVar="CC" />
		</Unit>
		<Unit filename="player.c">
			<Option compilerVar="CC" />
		</Unit>
		<Unit filename="quadtree.c">
			<Option compilerVar="CC" />
		</Unit>
		<Unit filename="raycasting.c">
			<Option compilerVar="CC" />
		</Unit>
		<Unit filename="redstone.c">
			<Option compilerVar="CC" />
		</Unit>
		<Unit filename="render.c">
			<Option compilerVar="CC" />
		</Unit>
		<Unit filename="selection.c">
			<Option compilerVar="CC" />
		</Unit>
		<Unit filename="sign.c">
			<Option compilerVar="CC" />
		</Unit>
		<Unit filename="skydome.c">
			<Option compilerVar="CC" />
		</Unit>
		<Unit filename="texture.c">
			<Option compilerVar="CC" />
		</Unit>
		<Unit filename="tileticks.c">
			<Option compilerVar="CC" />
		</Unit>
		<Unit filename="undoredo.c">
			<Option compilerVar="CC" />
		</Unit>
		<Unit filename="utils.c">
			<Option compilerVar="CC" />
		</Unit>
		<Unit filename="utils.h" />
		<Unit filename="waypoints.c">
			<Option compilerVar="CC" />
		</Unit>
		<Unit filename="worldSelect.c">
			<Option compilerVar="CC" />
		</Unit>
		<Unit filename="worlditems.c">
			<Option compilerVar="CC" />
		</Unit>
		<Extensions>
			<code_completion />
			<envvars />
			<debugger />
			<lib_finder disable_auto="1" />
		</Extensions>
	</Project>
</CodeBlocks_project_file>
