<?xml version="1.0" encoding="UTF-8" standalone="yes" ?>
<CodeBlocks_project_file>
	<FileVersion major="1" minor="6" />
	<Project>
		<Option title="TileFinder" />
		<Option pch_mode="2" />
		<Option compiler="gcc" />
		<Build>
			<Target title="Debug">
				<Option output=".\TileFinder" prefix_auto="1" extension_auto="1" />
				<Option object_output="obj\" />
				<Option type="1" />
				<Option compiler="gcc" />
				<Compiler>
					<Add option="-g" />
				</Compiler>
			</Target>
			<Target title="Release">
				<Option output=".\TileFinder" prefix_auto="1" extension_auto="1" />
				<Option object_output="objs\" />
				<Option type="0" />
				<Option compiler="gcc" />
				<Compiler>
					<Add option="-O3" />
				</Compiler>
				<Linker>
					<Add option="-s" />
				</Linker>
			</Target>
		</Build>
		<Compiler>
			<Add option="-Wall" />
			<Add directory="..\..\SIT" />
		</Compiler>
		<Linker>
			<Add library="user32" />
			<Add library="kernel32" />
			<Add library="..\..\SIT\libSIT.a" />
			<Add library="gdi32" />
			<Add library="opengl32" />
			<Add library="glu32" />
		</Linker>
		<Unit filename="TileFinder.c">
			<Option compilerVar="CC" />
		</Unit>
		<Unit filename="TileFinder.h" />
		<Unit filename="TileFinder.rc">
			<Option compilerVar="WINDRES" />
		</Unit>
		<Unit filename="ViewImage.c">
			<Option compilerVar="CC" />
		</Unit>
		<Unit filename="utils.c">
			<Option compilerVar="CC" />
		</Unit>
		<Extensions>
			<code_completion />
			<envvars />
			<debugger />
			<lib_finder disable_auto="1" />
		</Extensions>
	</Project>
</CodeBlocks_project_file>
